github.com/amenzhinsky/go-memexec v0.7.1 h1:DVm4cXzklaNWZoTJgZUi/dlXtelhC7QBtX4luKjl1qk=
github.com/amenzhinsky/go-memexec v0.7.1/go.mod h1:ApTO9/i2bcii7kvIXi74gum+/zYDzkiOXtuBZoYOKVE=
golang.org/x/sys v0.0.0-20210903071746-97244b99971b h1:3Dq0eVHn0uaQJmPO+/aYPI/fRMqdrVDbu7MQcku54gg=
golang.org/x/sys v0.0.0-20210903071746-97244b99971b/go.mod h1:oPkhp1MJrh7nUepCBck5+mAzfO9JrbApNNgaTdGDITg=
